hash: c6880d3284784bc581312cc903984db509e5079dbc82c8bcf643c94f3ec5dbf1
updated: 2017-10-16T13:18:42.826237904+09:00
imports:
- name: github.com/gorilla/context
  version: 08b5f424b9271eedf6f9f0ce86cb9396ed337a42
- name: github.com/gorilla/mux
  version: bcd8bc72b08df0f70df986b97f95590779502d31
- name: github.com/jessevdk/go-flags
  version: 96dc06278ce32a0e9d957d590bb987c81ee66407
- name: github.com/pkg/errors
  version: 645ef00459ed84a119197bfb8d8205042c6df63d
testImports:
- name: github.com/nasa9084/go-sql-mock
  version: d130d4c4eef924ae268d253bbed560053c7386f1
