hash: 14db3a5ef64c5798d58cc108f3601034d0ce8d2756d83604c5c43bd6c8be5f63
updated: 2017-10-30T20:42:20.767069117+09:00
imports:
- name: github.com/go-sql-driver/mysql
  version: a0583e0143b1624142adab07e0e97fe106d99561
- name: github.com/gorilla/context
  version: 08b5f424b9271eedf6f9f0ce86cb9396ed337a42
- name: github.com/gorilla/mux
  version: 9bd9ff2d1d2a0660d35050674f2c3112547997af
- name: github.com/jessevdk/go-flags
  version: 96dc06278ce32a0e9d957d590bb987c81ee66407
- name: github.com/pkg/errors
  version: 2b3a18b5f0fb6b4f9190549597d3f962c02bc5eb
testImports:
- name: github.com/nasa9084/go-sql-mock
  version: 982ea1325821fe381ea747efa4bf16dd5e57b6a9
